
Microsoft Visual Studio Solution File, Format Version 12.00
# Visual Studio 15
VisualStudioVersion = 15.0.26124.0
MinimumVisualStudioVersion = 15.0.26124.0
Project("{FAE04EC0-301F-11D3-BF4B-00C04F79EFBC}") = "PacketSniffer", "PacketSniffer\PacketSniffer.csproj", "{60296DD7-5161-4A6F-ABE2-38BFE572C26A}"
EndProject
Project("{FAE04EC0-301F-11D3-BF4B-00C04F79EFBC}") = "PacketSniffer.Tests", "PacketSniffer.Tests\PacketSniffer.Tests.csproj", "{F805A0F8-96FA-4756-A990-0CC06012B8E9}"
EndProject
Global
	GlobalSection(SolutionConfigurationPlatforms) = preSolution
		Debug|Any CPU = Debug|Any CPU

		Debug|x64 = Debug|x64
		Debug|x86 = Debug|x86
		Release|Any CPU = Release|Any CPU
		Release|x64 = Release|x64
		Release|x86 = Release|x86
	EndGlobalSection
	GlobalSection(SolutionProperties) = preSolution
		HideSolutionNode = FALSE
	EndGlobalSection
	GlobalSection(ProjectConfigurationPlatforms) = postSolution
		{60296DD7-5161-4A6F-ABE2-38BFE572C26A}.Debug|Any CPU.ActiveCfg = Debug|Any CPU
		{60296DD7-5161-4A6F-ABE2-38BFE572C26A}.Debug|Any CPU.Build.0 = Debug|Any CPU
		{60296DD7-5161-4A6F-ABE2-38BFE572C26A}.Debug|x64.ActiveCfg = Debug|Any CPU
		{60296DD7-5161-4A6F-ABE2-38BFE572C26A}.Debug|x64.Build.0 = Debug|Any CPU
		{60296DD7-5161-4A6F-ABE2-38BFE572C26A}.Debug|x86.ActiveCfg = Debug|Any CPU
		{60296DD7-5161-4A6F-ABE2-38BFE572C26A}.Debug|x86.Build.0 = Debug|Any CPU
		{60296DD7-5161-4A6F-ABE2-38BFE572C26A}.Release|Any CPU.ActiveCfg = Release|Any CPU
		{60296DD7-5161-4A6F-ABE2-38BFE572C26A}.Release|Any CPU.Build.0 = Release|Any CPU
		{60296DD7-5161-4A6F-ABE2-38BFE572C26A}.Release|x64.ActiveCfg = Release|Any CPU
		{60296DD7-5161-4A6F-ABE2-38BFE572C26A}.Release|x64.Build.0 = Release|Any CPU
		{60296DD7-5161-4A6F-ABE2-38BFE572C26A}.Release|x86.ActiveCfg = Release|Any CPU
		{60296DD7-5161-4A6F-ABE2-38BFE572C26A}.Release|x86.Build.0 = Release|Any CPU
		{F805A0F8-96FA-4756-A990-0CC06012B8E9}.Debug|Any CPU.ActiveCfg = Debug|Any CPU
		{F805A0F8-96FA-4756-A990-0CC06012B8E9}.Debug|Any CPU.Build.0 = Debug|Any CPU
		{F805A0F8-96FA-4756-A990-0CC06012B8E9}.Debug|x64.ActiveCfg = Debug|Any CPU
		{F805A0F8-96FA-4756-A990-0CC06012B8E9}.Debug|x64.Build.0 = Debug|Any CPU
		{F805A0F8-96FA-4756-A990-0CC06012B8E9}.Debug|x86.ActiveCfg = Debug|Any CPU
		{F805A0F8-96FA-4756-A990-0CC06012B8E9}.Debug|x86.Build.0 = Debug|Any CPU
		{F805A0F8-96FA-4756-A990-0CC06012B8E9}.Release|Any CPU.ActiveCfg = Release|Any CPU
		{F805A0F8-96FA-4756-A990-0CC06012B8E9}.Release|Any CPU.Build.0 = Release|Any CPU
		{F805A0F8-96FA-4756-A990-0CC06012B8E9}.Release|x64.ActiveCfg = Release|Any CPU
		{F805A0F8-96FA-4756-A990-0CC06012B8E9}.Release|x64.Build.0 = Release|Any CPU
		{F805A0F8-96FA-4756-A990-0CC06012B8E9}.Release|x86.ActiveCfg = Release|Any CPU
		{F805A0F8-96FA-4756-A990-0CC06012B8E9}.Release|x86.Build.0 = Release|Any CPU
	EndGlobalSection
EndGlobal
